// !$*UTF8*$!
{
	archiveVersion = 1;
	classes = {
	};
	objectVersion = 46;
	objects = {

/* Begin PBXBuildFile section */
		030E4B381EA028B900244FC4 /* TabBarViewController.swift in Sources */ = {isa = PBXBuildFile; fileRef = 030E4B371EA028B900244FC4 /* TabBarViewController.swift */; };
		0316C7A31E9C214F00B75A5E /* profileEditViewController.swift in Sources */ = {isa = PBXBuildFile; fileRef = 0316C7A21E9C214F00B75A5E /* profileEditViewController.swift */; };
		035B5BB31E92036A00392496 /* logInViewController.swift in Sources */ = {isa = PBXBuildFile; fileRef = 035B5BB21E92036A00392496 /* logInViewController.swift */; };
		035B5BBE1E92066C00392496 /* ProfileImageTableViewCell.swift in Sources */ = {isa = PBXBuildFile; fileRef = 035B5BBC1E92066C00392496 /* ProfileImageTableViewCell.swift */; };
		035B5BBF1E92066C00392496 /* ProfileImageTableViewCell.xib in Resources */ = {isa = PBXBuildFile; fileRef = 035B5BBD1E92066C00392496 /* ProfileImageTableViewCell.xib */; };
		03B7C8E61E9D4BE60088BD57 /* AddAPostViewController.swift in Sources */ = {isa = PBXBuildFile; fileRef = 03B7C8E51E9D4BE60088BD57 /* AddAPostViewController.swift */; };
		2F6EFF3C1E9C1D9300211A34 /* signUpViewController.swift in Sources */ = {isa = PBXBuildFile; fileRef = 2F6EFF3B1E9C1D9300211A34 /* signUpViewController.swift */; };
		2F6F442F1EA1584000424D93 /* DealsTableViewCell.swift in Sources */ = {isa = PBXBuildFile; fileRef = 2F6F442D1EA1584000424D93 /* DealsTableViewCell.swift */; };
		2F6F44301EA1584000424D93 /* DealsTableViewCell.xib in Resources */ = {isa = PBXBuildFile; fileRef = 2F6F442E1EA1584000424D93 /* DealsTableViewCell.xib */; };
		2F952DEB1E68B02500200E4D /* AppDelegate.swift in Sources */ = {isa = PBXBuildFile; fileRef = 2F952DEA1E68B02500200E4D /* AppDelegate.swift */; };
		2F952DF41E68B02500200E4D /* Assets.xcassets in Resources */ = {isa = PBXBuildFile; fileRef = 2F952DF31E68B02500200E4D /* Assets.xcassets */; };
		2F952DF71E68B02500200E4D /* LaunchScreen.storyboard in Resources */ = {isa = PBXBuildFile; fileRef = 2F952DF51E68B02500200E4D /* LaunchScreen.storyboard */; };
		2F952E021E68B02500200E4D /* SwapNShopTests.swift in Sources */ = {isa = PBXBuildFile; fileRef = 2F952E011E68B02500200E4D /* SwapNShopTests.swift */; };
		2F952E0D1E68B02500200E4D /* SwapNShopUITests.swift in Sources */ = {isa = PBXBuildFile; fileRef = 2F952E0C1E68B02500200E4D /* SwapNShopUITests.swift */; };
		9B2C93F61EA2DD8B002C1E7E /* DealViewController.swift in Sources */ = {isa = PBXBuildFile; fileRef = 9B2C93F51EA2DD8B002C1E7E /* DealViewController.swift */; };
		9B2C93F81EA2DDA9002C1E7E /* PostViewController.swift in Sources */ = {isa = PBXBuildFile; fileRef = 9B2C93F71EA2DDA9002C1E7E /* PostViewController.swift */; };
		9B2C93FA1EA2E74A002C1E7E /* EditPostViewController.swift in Sources */ = {isa = PBXBuildFile; fileRef = 9B2C93F91EA2E74A002C1E7E /* EditPostViewController.swift */; };
		9B2FBC731E86EA4E00EA73E5 /* Bolts.framework in Frameworks */ = {isa = PBXBuildFile; fileRef = 9B2FBC711E86EA4E00EA73E5 /* Bolts.framework */; };
		9B2FBC741E86EA4E00EA73E5 /* Parse.framework in Frameworks */ = {isa = PBXBuildFile; fileRef = 9B2FBC721E86EA4E00EA73E5 /* Parse.framework */; };
		9B2FBC771E86EA9F00EA73E5 /* AudioToolbox.framework in Frameworks */ = {isa = PBXBuildFile; fileRef = 9B2FBC761E86EA9F00EA73E5 /* AudioToolbox.framework */; };
		9B2FBC791E86EAA900EA73E5 /* CFNetwork.framework in Frameworks */ = {isa = PBXBuildFile; fileRef = 9B2FBC781E86EAA900EA73E5 /* CFNetwork.framework */; };
		9B2FBC7B1E86EABC00EA73E5 /* CoreGraphics.framework in Frameworks */ = {isa = PBXBuildFile; fileRef = 9B2FBC7A1E86EABC00EA73E5 /* CoreGraphics.framework */; };
		9B2FBC7D1E86EAD100EA73E5 /* CoreLocation.framework in Frameworks */ = {isa = PBXBuildFile; fileRef = 9B2FBC7C1E86EAD100EA73E5 /* CoreLocation.framework */; };
		9B2FBC7F1E86EAE800EA73E5 /* QuartzCore.framework in Frameworks */ = {isa = PBXBuildFile; fileRef = 9B2FBC7E1E86EAE800EA73E5 /* QuartzCore.framework */; };
		9B2FBC811E86EAFA00EA73E5 /* Security.framework in Frameworks */ = {isa = PBXBuildFile; fileRef = 9B2FBC801E86EAF900EA73E5 /* Security.framework */; };
		9B2FBC851E86EB1600EA73E5 /* SystemConfiguration.framework in Frameworks */ = {isa = PBXBuildFile; fileRef = 9B2FBC841E86EB1600EA73E5 /* SystemConfiguration.framework */; };
		9B2FBC871E86EB2100EA73E5 /* libz.tbd in Frameworks */ = {isa = PBXBuildFile; fileRef = 9B2FBC861E86EB2100EA73E5 /* libz.tbd */; };
		9B2FBC891E86EB3600EA73E5 /* libsqlite3.tbd in Frameworks */ = {isa = PBXBuildFile; fileRef = 9B2FBC881E86EB3600EA73E5 /* libsqlite3.tbd */; };
		9B4A003B1EA58CDC00882411 /* PinsViewController.swift in Sources */ = {isa = PBXBuildFile; fileRef = 9B4A003A1EA58CDC00882411 /* PinsViewController.swift */; };
		9B4A003D1EA58D0400882411 /* PinsPostViewController.swift in Sources */ = {isa = PBXBuildFile; fileRef = 9B4A003C1EA58D0400882411 /* PinsPostViewController.swift */; };
		9BCC77E71EA7E4F20069B7AD /* PostedByViewController.swift in Sources */ = {isa = PBXBuildFile; fileRef = 9BCC77E61EA7E4F20069B7AD /* PostedByViewController.swift */; };
		E428B5DD1EA448B60086DE80 /* ProfileViewController.swift in Sources */ = {isa = PBXBuildFile; fileRef = E428B5DC1EA448B60086DE80 /* ProfileViewController.swift */; };
		E428B5DF1EA45D690086DE80 /* MyPostsViewController.swift in Sources */ = {isa = PBXBuildFile; fileRef = E428B5DE1EA45D690086DE80 /* MyPostsViewController.swift */; };
		E428B5E31EA4669E0086DE80 /* Main.storyboard in Resources */ = {isa = PBXBuildFile; fileRef = E428B5E21EA4669E0086DE80 /* Main.storyboard */; };
		E428B5E51EA474270086DE80 /* DealsViewController.swift in Sources */ = {isa = PBXBuildFile; fileRef = E428B5E41EA474270086DE80 /* DealsViewController.swift */; };
/* End PBXBuildFile section */

/* Begin PBXContainerItemProxy section */
		2F952DFE1E68B02500200E4D /* PBXContainerItemProxy */ = {
			isa = PBXContainerItemProxy;
			containerPortal = 2F952DDF1E68B02500200E4D /* Project object */;
			proxyType = 1;
			remoteGlobalIDString = 2F952DE61E68B02500200E4D;
			remoteInfo = SwapNShop;
		};
		2F952E091E68B02500200E4D /* PBXContainerItemProxy */ = {
			isa = PBXContainerItemProxy;
			containerPortal = 2F952DDF1E68B02500200E4D /* Project object */;
			proxyType = 1;
			remoteGlobalIDString = 2F952DE61E68B02500200E4D;
			remoteInfo = SwapNShop;
		};
/* End PBXContainerItemProxy section */

/* Begin PBXFileReference section */
		030E4B371EA028B900244FC4 /* TabBarViewController.swift */ = {isa = PBXFileReference; fileEncoding = 4; lastKnownFileType = sourcecode.swift; path = TabBarViewController.swift; sourceTree = "<group>"; };
		0316C7A21E9C214F00B75A5E /* profileEditViewController.swift */ = {isa = PBXFileReference; fileEncoding = 4; lastKnownFileType = sourcecode.swift; path = profileEditViewController.swift; sourceTree = "<group>"; };
		035B5BB21E92036A00392496 /* logInViewController.swift */ = {isa = PBXFileReference; fileEncoding = 4; lastKnownFileType = sourcecode.swift; path = logInViewController.swift; sourceTree = "<group>"; };
		035B5BBC1E92066C00392496 /* ProfileImageTableViewCell.swift */ = {isa = PBXFileReference; fileEncoding = 4; lastKnownFileType = sourcecode.swift; path = ProfileImageTableViewCell.swift; sourceTree = "<group>"; };
		035B5BBD1E92066C00392496 /* ProfileImageTableViewCell.xib */ = {isa = PBXFileReference; fileEncoding = 4; lastKnownFileType = file.xib; path = ProfileImageTableViewCell.xib; sourceTree = "<group>"; };
		03B7C8E51E9D4BE60088BD57 /* AddAPostViewController.swift */ = {isa = PBXFileReference; fileEncoding = 4; lastKnownFileType = sourcecode.swift; path = AddAPostViewController.swift; sourceTree = "<group>"; };
		2F6EFF3B1E9C1D9300211A34 /* signUpViewController.swift */ = {isa = PBXFileReference; fileEncoding = 4; lastKnownFileType = sourcecode.swift; path = signUpViewController.swift; sourceTree = "<group>"; };
		2F6F442D1EA1584000424D93 /* DealsTableViewCell.swift */ = {isa = PBXFileReference; fileEncoding = 4; lastKnownFileType = sourcecode.swift; path = DealsTableViewCell.swift; sourceTree = "<group>"; };
		2F6F442E1EA1584000424D93 /* DealsTableViewCell.xib */ = {isa = PBXFileReference; fileEncoding = 4; lastKnownFileType = file.xib; path = DealsTableViewCell.xib; sourceTree = "<group>"; };
		2F952DE71E68B02500200E4D /* SwapNShop.app */ = {isa = PBXFileReference; explicitFileType = wrapper.application; includeInIndex = 0; path = SwapNShop.app; sourceTree = BUILT_PRODUCTS_DIR; };
		2F952DEA1E68B02500200E4D /* AppDelegate.swift */ = {isa = PBXFileReference; lastKnownFileType = sourcecode.swift; path = AppDelegate.swift; sourceTree = "<group>"; };
		2F952DF31E68B02500200E4D /* Assets.xcassets */ = {isa = PBXFileReference; lastKnownFileType = folder.assetcatalog; path = Assets.xcassets; sourceTree = "<group>"; };
		2F952DF61E68B02500200E4D /* Base */ = {isa = PBXFileReference; lastKnownFileType = file.storyboard; name = Base; path = Base.lproj/LaunchScreen.storyboard; sourceTree = "<group>"; };
		2F952DF81E68B02500200E4D /* Info.plist */ = {isa = PBXFileReference; lastKnownFileType = text.plist.xml; path = Info.plist; sourceTree = "<group>"; };
		2F952DFD1E68B02500200E4D /* SwapNShopTests.xctest */ = {isa = PBXFileReference; explicitFileType = wrapper.cfbundle; includeInIndex = 0; path = SwapNShopTests.xctest; sourceTree = BUILT_PRODUCTS_DIR; };
		2F952E011E68B02500200E4D /* SwapNShopTests.swift */ = {isa = PBXFileReference; lastKnownFileType = sourcecode.swift; path = SwapNShopTests.swift; sourceTree = "<group>"; };
		2F952E031E68B02500200E4D /* Info.plist */ = {isa = PBXFileReference; lastKnownFileType = text.plist.xml; path = Info.plist; sourceTree = "<group>"; };
		2F952E081E68B02500200E4D /* SwapNShopUITests.xctest */ = {isa = PBXFileReference; explicitFileType = wrapper.cfbundle; includeInIndex = 0; path = SwapNShopUITests.xctest; sourceTree = BUILT_PRODUCTS_DIR; };
		2F952E0C1E68B02500200E4D /* SwapNShopUITests.swift */ = {isa = PBXFileReference; lastKnownFileType = sourcecode.swift; path = SwapNShopUITests.swift; sourceTree = "<group>"; };
		2F952E0E1E68B02500200E4D /* Info.plist */ = {isa = PBXFileReference; lastKnownFileType = text.plist.xml; path = Info.plist; sourceTree = "<group>"; };
		9B2C93F51EA2DD8B002C1E7E /* DealViewController.swift */ = {isa = PBXFileReference; fileEncoding = 4; lastKnownFileType = sourcecode.swift; path = DealViewController.swift; sourceTree = "<group>"; };
		9B2C93F71EA2DDA9002C1E7E /* PostViewController.swift */ = {isa = PBXFileReference; fileEncoding = 4; lastKnownFileType = sourcecode.swift; path = PostViewController.swift; sourceTree = "<group>"; };
		9B2C93F91EA2E74A002C1E7E /* EditPostViewController.swift */ = {isa = PBXFileReference; fileEncoding = 4; lastKnownFileType = sourcecode.swift; path = EditPostViewController.swift; sourceTree = "<group>"; };
		9B2FBC711E86EA4E00EA73E5 /* Bolts.framework */ = {isa = PBXFileReference; lastKnownFileType = wrapper.framework; path = Bolts.framework; sourceTree = "<group>"; };
		9B2FBC721E86EA4E00EA73E5 /* Parse.framework */ = {isa = PBXFileReference; lastKnownFileType = wrapper.framework; path = Parse.framework; sourceTree = "<group>"; };
		9B2FBC761E86EA9F00EA73E5 /* AudioToolbox.framework */ = {isa = PBXFileReference; lastKnownFileType = wrapper.framework; name = AudioToolbox.framework; path = System/Library/Frameworks/AudioToolbox.framework; sourceTree = SDKROOT; };
		9B2FBC781E86EAA900EA73E5 /* CFNetwork.framework */ = {isa = PBXFileReference; lastKnownFileType = wrapper.framework; name = CFNetwork.framework; path = System/Library/Frameworks/CFNetwork.framework; sourceTree = SDKROOT; };
		9B2FBC7A1E86EABC00EA73E5 /* CoreGraphics.framework */ = {isa = PBXFileReference; lastKnownFileType = wrapper.framework; name = CoreGraphics.framework; path = System/Library/Frameworks/CoreGraphics.framework; sourceTree = SDKROOT; };
		9B2FBC7C1E86EAD100EA73E5 /* CoreLocation.framework */ = {isa = PBXFileReference; lastKnownFileType = wrapper.framework; name = CoreLocation.framework; path = System/Library/Frameworks/CoreLocation.framework; sourceTree = SDKROOT; };
		9B2FBC7E1E86EAE800EA73E5 /* QuartzCore.framework */ = {isa = PBXFileReference; lastKnownFileType = wrapper.framework; name = QuartzCore.framework; path = System/Library/Frameworks/QuartzCore.framework; sourceTree = SDKROOT; };
		9B2FBC801E86EAF900EA73E5 /* Security.framework */ = {isa = PBXFileReference; lastKnownFileType = wrapper.framework; name = Security.framework; path = System/Library/Frameworks/Security.framework; sourceTree = SDKROOT; };
		9B2FBC821E86EB0B00EA73E5 /* StoreKit.framework */ = {isa = PBXFileReference; lastKnownFileType = wrapper.framework; name = StoreKit.framework; path = System/Library/Frameworks/StoreKit.framework; sourceTree = SDKROOT; };
		9B2FBC841E86EB1600EA73E5 /* SystemConfiguration.framework */ = {isa = PBXFileReference; lastKnownFileType = wrapper.framework; name = SystemConfiguration.framework; path = System/Library/Frameworks/SystemConfiguration.framework; sourceTree = SDKROOT; };
		9B2FBC861E86EB2100EA73E5 /* libz.tbd */ = {isa = PBXFileReference; lastKnownFileType = "sourcecode.text-based-dylib-definition"; name = libz.tbd; path = usr/lib/libz.tbd; sourceTree = SDKROOT; };
		9B2FBC881E86EB3600EA73E5 /* libsqlite3.tbd */ = {isa = PBXFileReference; lastKnownFileType = "sourcecode.text-based-dylib-definition"; name = libsqlite3.tbd; path = usr/lib/libsqlite3.tbd; sourceTree = SDKROOT; };
		9B4A003A1EA58CDC00882411 /* PinsViewController.swift */ = {isa = PBXFileReference; fileEncoding = 4; lastKnownFileType = sourcecode.swift; path = PinsViewController.swift; sourceTree = "<group>"; };
		9B4A003C1EA58D0400882411 /* PinsPostViewController.swift */ = {isa = PBXFileReference; fileEncoding = 4; lastKnownFileType = sourcecode.swift; path = PinsPostViewController.swift; sourceTree = "<group>"; };
		9BCC77E61EA7E4F20069B7AD /* PostedByViewController.swift */ = {isa = PBXFileReference; fileEncoding = 4; lastKnownFileType = sourcecode.swift; path = PostedByViewController.swift; sourceTree = "<group>"; };
		E428B5DC1EA448B60086DE80 /* ProfileViewController.swift */ = {isa = PBXFileReference; fileEncoding = 4; lastKnownFileType = sourcecode.swift; path = ProfileViewController.swift; sourceTree = "<group>"; };
		E428B5DE1EA45D690086DE80 /* MyPostsViewController.swift */ = {isa = PBXFileReference; fileEncoding = 4; lastKnownFileType = sourcecode.swift; path = MyPostsViewController.swift; sourceTree = "<group>"; };
		E428B5E21EA4669E0086DE80 /* Main.storyboard */ = {isa = PBXFileReference; fileEncoding = 4; lastKnownFileType = file.storyboard; path = Main.storyboard; sourceTree = "<group>"; };
		E428B5E41EA474270086DE80 /* DealsViewController.swift */ = {isa = PBXFileReference; fileEncoding = 4; lastKnownFileType = sourcecode.swift; path = DealsViewController.swift; sourceTree = "<group>"; };
/* End PBXFileReference section */

/* Begin PBXFrameworksBuildPhase section */
		2F952DE41E68B02500200E4D /* Frameworks */ = {
			isa = PBXFrameworksBuildPhase;
			buildActionMask = 2147483647;
			files = (
				9B2FBC891E86EB3600EA73E5 /* libsqlite3.tbd in Frameworks */,
				9B2FBC871E86EB2100EA73E5 /* libz.tbd in Frameworks */,
				9B2FBC851E86EB1600EA73E5 /* SystemConfiguration.framework in Frameworks */,
				9B2FBC811E86EAFA00EA73E5 /* Security.framework in Frameworks */,
				9B2FBC7F1E86EAE800EA73E5 /* QuartzCore.framework in Frameworks */,
				9B2FBC7D1E86EAD100EA73E5 /* CoreLocation.framework in Frameworks */,
				9B2FBC7B1E86EABC00EA73E5 /* CoreGraphics.framework in Frameworks */,
				9B2FBC791E86EAA900EA73E5 /* CFNetwork.framework in Frameworks */,
				9B2FBC771E86EA9F00EA73E5 /* AudioToolbox.framework in Frameworks */,
				9B2FBC741E86EA4E00EA73E5 /* Parse.framework in Frameworks */,
				9B2FBC731E86EA4E00EA73E5 /* Bolts.framework in Frameworks */,
			);
			runOnlyForDeploymentPostprocessing = 0;
		};
		2F952DFA1E68B02500200E4D /* Frameworks */ = {
			isa = PBXFrameworksBuildPhase;
			buildActionMask = 2147483647;
			files = (
			);
			runOnlyForDeploymentPostprocessing = 0;
		};
		2F952E051E68B02500200E4D /* Frameworks */ = {
			isa = PBXFrameworksBuildPhase;
			buildActionMask = 2147483647;
			files = (
			);
			runOnlyForDeploymentPostprocessing = 0;
		};
/* End PBXFrameworksBuildPhase section */

/* Begin PBXGroup section */
		2F952DDE1E68B02500200E4D = {
			isa = PBXGroup;
			children = (
				9B2FBC701E86EA0600EA73E5 /* bck4app */,
				2F952DE91E68B02500200E4D /* SwapNShop */,
				2F952E001E68B02500200E4D /* SwapNShopTests */,
				2F952E0B1E68B02500200E4D /* SwapNShopUITests */,
				2F952DE81E68B02500200E4D /* Products */,
				9B2FBC751E86EA9F00EA73E5 /* Frameworks */,
			);
			sourceTree = "<group>";
		};
		2F952DE81E68B02500200E4D /* Products */ = {
			isa = PBXGroup;
			children = (
				2F952DE71E68B02500200E4D /* SwapNShop.app */,
				2F952DFD1E68B02500200E4D /* SwapNShopTests.xctest */,
				2F952E081E68B02500200E4D /* SwapNShopUITests.xctest */,
			);
			name = Products;
			sourceTree = "<group>";
		};
		2F952DE91E68B02500200E4D /* SwapNShop */ = {
			isa = PBXGroup;
			children = (
				2F952DEA1E68B02500200E4D /* AppDelegate.swift */,
				E428B5E21EA4669E0086DE80 /* Main.storyboard */,
				2F952DF31E68B02500200E4D /* Assets.xcassets */,
				2F952DF51E68B02500200E4D /* LaunchScreen.storyboard */,
				2F952DF81E68B02500200E4D /* Info.plist */,
				035B5BB21E92036A00392496 /* logInViewController.swift */,
				2F6EFF3B1E9C1D9300211A34 /* signUpViewController.swift */,
				E428B5E41EA474270086DE80 /* DealsViewController.swift */,
				9B2C93F51EA2DD8B002C1E7E /* DealViewController.swift */,
				E428B5DE1EA45D690086DE80 /* MyPostsViewController.swift */,
				9B2C93F71EA2DDA9002C1E7E /* PostViewController.swift */,
				9B2C93F91EA2E74A002C1E7E /* EditPostViewController.swift */,
				03B7C8E51E9D4BE60088BD57 /* AddAPostViewController.swift */,
				9B4A003A1EA58CDC00882411 /* PinsViewController.swift */,
				9B4A003C1EA58D0400882411 /* PinsPostViewController.swift */,
				E428B5DC1EA448B60086DE80 /* ProfileViewController.swift */,
				0316C7A21E9C214F00B75A5E /* profileEditViewController.swift */,
				9BCC77E61EA7E4F20069B7AD /* PostedByViewController.swift */,
				030E4B371EA028B900244FC4 /* TabBarViewController.swift */,
				035B5BBC1E92066C00392496 /* ProfileImageTableViewCell.swift */,
				035B5BBD1E92066C00392496 /* ProfileImageTableViewCell.xib */,
				2F6F442D1EA1584000424D93 /* DealsTableViewCell.swift */,
				2F6F442E1EA1584000424D93 /* DealsTableViewCell.xib */,
			);
			path = SwapNShop;
			sourceTree = "<group>";
		};
		2F952E001E68B02500200E4D /* SwapNShopTests */ = {
			isa = PBXGroup;
			children = (
				2F952E011E68B02500200E4D /* SwapNShopTests.swift */,
				2F952E031E68B02500200E4D /* Info.plist */,
			);
			path = SwapNShopTests;
			sourceTree = "<group>";
		};
		2F952E0B1E68B02500200E4D /* SwapNShopUITests */ = {
			isa = PBXGroup;
			children = (
				2F952E0C1E68B02500200E4D /* SwapNShopUITests.swift */,
				2F952E0E1E68B02500200E4D /* Info.plist */,
			);
			path = SwapNShopUITests;
			sourceTree = "<group>";
		};
		9B2FBC701E86EA0600EA73E5 /* bck4app */ = {
			isa = PBXGroup;
			children = (
				9B2FBC711E86EA4E00EA73E5 /* Bolts.framework */,
				9B2FBC721E86EA4E00EA73E5 /* Parse.framework */,
			);
			name = bck4app;
			sourceTree = "<group>";
		};
		9B2FBC751E86EA9F00EA73E5 /* Frameworks */ = {
			isa = PBXGroup;
			children = (
				9B2FBC881E86EB3600EA73E5 /* libsqlite3.tbd */,
				9B2FBC861E86EB2100EA73E5 /* libz.tbd */,
				9B2FBC841E86EB1600EA73E5 /* SystemConfiguration.framework */,
				9B2FBC821E86EB0B00EA73E5 /* StoreKit.framework */,
				9B2FBC801E86EAF900EA73E5 /* Security.framework */,
				9B2FBC7E1E86EAE800EA73E5 /* QuartzCore.framework */,
				9B2FBC7C1E86EAD100EA73E5 /* CoreLocation.framework */,
				9B2FBC7A1E86EABC00EA73E5 /* CoreGraphics.framework */,
				9B2FBC781E86EAA900EA73E5 /* CFNetwork.framework */,
				9B2FBC761E86EA9F00EA73E5 /* AudioToolbox.framework */,
			);
			name = Frameworks;
			sourceTree = "<group>";
		};
/* End PBXGroup section */

/* Begin PBXNativeTarget section */
		2F952DE61E68B02500200E4D /* SwapNShop */ = {
			isa = PBXNativeTarget;
			buildConfigurationList = 2F952E111E68B02500200E4D /* Build configuration list for PBXNativeTarget "SwapNShop" */;
			buildPhases = (
				2F952DE31E68B02500200E4D /* Sources */,
				2F952DE41E68B02500200E4D /* Frameworks */,
				2F952DE51E68B02500200E4D /* Resources */,
			);
			buildRules = (
			);
			dependencies = (
			);
			name = SwapNShop;
			productName = SwapNShop;
			productReference = 2F952DE71E68B02500200E4D /* SwapNShop.app */;
			productType = "com.apple.product-type.application";
		};
		2F952DFC1E68B02500200E4D /* SwapNShopTests */ = {
			isa = PBXNativeTarget;
			buildConfigurationList = 2F952E141E68B02500200E4D /* Build configuration list for PBXNativeTarget "SwapNShopTests" */;
			buildPhases = (
				2F952DF91E68B02500200E4D /* Sources */,
				2F952DFA1E68B02500200E4D /* Frameworks */,
				2F952DFB1E68B02500200E4D /* Resources */,
			);
			buildRules = (
			);
			dependencies = (
				2F952DFF1E68B02500200E4D /* PBXTargetDependency */,
			);
			name = SwapNShopTests;
			productName = SwapNShopTests;
			productReference = 2F952DFD1E68B02500200E4D /* SwapNShopTests.xctest */;
			productType = "com.apple.product-type.bundle.unit-test";
		};
		2F952E071E68B02500200E4D /* SwapNShopUITests */ = {
			isa = PBXNativeTarget;
			buildConfigurationList = 2F952E171E68B02500200E4D /* Build configuration list for PBXNativeTarget "SwapNShopUITests" */;
			buildPhases = (
				2F952E041E68B02500200E4D /* Sources */,
				2F952E051E68B02500200E4D /* Frameworks */,
				2F952E061E68B02500200E4D /* Resources */,
			);
			buildRules = (
			);
			dependencies = (
				2F952E0A1E68B02500200E4D /* PBXTargetDependency */,
			);
			name = SwapNShopUITests;
			productName = SwapNShopUITests;
			productReference = 2F952E081E68B02500200E4D /* SwapNShopUITests.xctest */;
			productType = "com.apple.product-type.bundle.ui-testing";
		};
/* End PBXNativeTarget section */

/* Begin PBXProject section */
		2F952DDF1E68B02500200E4D /* Project object */ = {
			isa = PBXProject;
			attributes = {
				LastSwiftUpdateCheck = 0820;
				LastUpgradeCheck = 0820;
				ORGANIZATIONNAME = "Devalla,Vamsi";
				TargetAttributes = {
					2F952DE61E68B02500200E4D = {
						CreatedOnToolsVersion = 8.2.1;
						DevelopmentTeam = TW6F3L8R9R;
						ProvisioningStyle = Automatic;
					};
					2F952DFC1E68B02500200E4D = {
						CreatedOnToolsVersion = 8.2.1;
						ProvisioningStyle = Automatic;
						TestTargetID = 2F952DE61E68B02500200E4D;
					};
					2F952E071E68B02500200E4D = {
						CreatedOnToolsVersion = 8.2.1;
						ProvisioningStyle = Automatic;
						TestTargetID = 2F952DE61E68B02500200E4D;
					};
				};
			};
			buildConfigurationList = 2F952DE21E68B02500200E4D /* Build configuration list for PBXProject "SwapNShop" */;
			compatibilityVersion = "Xcode 3.2";
			developmentRegion = English;
			hasScannedForEncodings = 0;
			knownRegions = (
				en,
				Base,
			);
			mainGroup = 2F952DDE1E68B02500200E4D;
			productRefGroup = 2F952DE81E68B02500200E4D /* Products */;
			projectDirPath = "";
			projectRoot = "";
			targets = (
				2F952DE61E68B02500200E4D /* SwapNShop */,
				2F952DFC1E68B02500200E4D /* SwapNShopTests */,
				2F952E071E68B02500200E4D /* SwapNShopUITests */,
			);
		};
/* End PBXProject section */

/* Begin PBXResourcesBuildPhase section */
		2F952DE51E68B02500200E4D /* Resources */ = {
			isa = PBXResourcesBuildPhase;
			buildActionMask = 2147483647;
			files = (
				2F952DF71E68B02500200E4D /* LaunchScreen.storyboard in Resources */,
				035B5BBF1E92066C00392496 /* ProfileImageTableViewCell.xib in Resources */,
				2F952DF41E68B02500200E4D /* Assets.xcassets in Resources */,
				E428B5E31EA4669E0086DE80 /* Main.storyboard in Resources */,
				2F6F44301EA1584000424D93 /* DealsTableViewCell.xib in Resources */,
			);
			runOnlyForDeploymentPostprocessing = 0;
		};
		2F952DFB1E68B02500200E4D /* Resources */ = {
			isa = PBXResourcesBuildPhase;
			buildActionMask = 2147483647;
			files = (
			);
			runOnlyForDeploymentPostprocessing = 0;
		};
		2F952E061E68B02500200E4D /* Resources */ = {
			isa = PBXResourcesBuildPhase;
			buildActionMask = 2147483647;
			files = (
			);
			runOnlyForDeploymentPostprocessing = 0;
		};
/* End PBXResourcesBuildPhase section */

/* Begin PBXSourcesBuildPhase section */
		2F952DE31E68B02500200E4D /* Sources */ = {
			isa = PBXSourcesBuildPhase;
			buildActionMask = 2147483647;
			files = (
				9BCC77E71EA7E4F20069B7AD /* PostedByViewController.swift in Sources */,
				2F6F442F1EA1584000424D93 /* DealsTableViewCell.swift in Sources */,
				9B4A003B1EA58CDC00882411 /* PinsViewController.swift in Sources */,
				E428B5DD1EA448B60086DE80 /* ProfileViewController.swift in Sources */,
				0316C7A31E9C214F00B75A5E /* profileEditViewController.swift in Sources */,
				030E4B381EA028B900244FC4 /* TabBarViewController.swift in Sources */,
				E428B5DF1EA45D690086DE80 /* MyPostsViewController.swift in Sources */,
				9B4A003D1EA58D0400882411 /* PinsPostViewController.swift in Sources */,
				2F952DEB1E68B02500200E4D /* AppDelegate.swift in Sources */,
				03B7C8E61E9D4BE60088BD57 /* AddAPostViewController.swift in Sources */,
				9B2C93FA1EA2E74A002C1E7E /* EditPostViewController.swift in Sources */,
				9B2C93F61EA2DD8B002C1E7E /* DealViewController.swift in Sources */,
				9B2C93F81EA2DDA9002C1E7E /* PostViewController.swift in Sources */,
				E428B5E51EA474270086DE80 /* DealsViewController.swift in Sources */,
				035B5BBE1E92066C00392496 /* ProfileImageTableViewCell.swift in Sources */,
				035B5BB31E92036A00392496 /* logInViewController.swift in Sources */,
				2F6EFF3C1E9C1D9300211A34 /* signUpViewController.swift in Sources */,
			);
			runOnlyForDeploymentPostprocessing = 0;
		};
		2F952DF91E68B02500200E4D /* Sources */ = {
			isa = PBXSourcesBuildPhase;
			buildActionMask = 2147483647;
			files = (
				2F952E021E68B02500200E4D /* SwapNShopTests.swift in Sources */,
			);
			runOnlyForDeploymentPostprocessing = 0;
		};
		2F952E041E68B02500200E4D /* Sources */ = {
			isa = PBXSourcesBuildPhase;
			buildActionMask = 2147483647;
			files = (
				2F952E0D1E68B02500200E4D /* SwapNShopUITests.swift in Sources */,
			);
			runOnlyForDeploymentPostprocessing = 0;
		};
/* End PBXSourcesBuildPhase section */

/* Begin PBXTargetDependency section */
		2F952DFF1E68B02500200E4D /* PBXTargetDependency */ = {
			isa = PBXTargetDependency;
			target = 2F952DE61E68B02500200E4D /* SwapNShop */;
			targetProxy = 2F952DFE1E68B02500200E4D /* PBXContainerItemProxy */;
		};
		2F952E0A1E68B02500200E4D /* PBXTargetDependency */ = {
			isa = PBXTargetDependency;
			target = 2F952DE61E68B02500200E4D /* SwapNShop */;
			targetProxy = 2F952E091E68B02500200E4D /* PBXContainerItemProxy */;
		};
/* End PBXTargetDependency section */

/* Begin PBXVariantGroup section */
		2F952DF51E68B02500200E4D /* LaunchScreen.storyboard */ = {
			isa = PBXVariantGroup;
			children = (
				2F952DF61E68B02500200E4D /* Base */,
			);
			name = LaunchScreen.storyboard;
			sourceTree = "<group>";
		};
/* End PBXVariantGroup section */

/* Begin XCBuildConfiguration section */
		2F952E0F1E68B02500200E4D /* Debug */ = {
			isa = XCBuildConfiguration;
			buildSettings = {
				ALWAYS_SEARCH_USER_PATHS = NO;
				CLANG_ANALYZER_NONNULL = YES;
				CLANG_CXX_LANGUAGE_STANDARD = "gnu++0x";
				CLANG_CXX_LIBRARY = "libc++";
				CLANG_ENABLE_MODULES = YES;
				CLANG_ENABLE_OBJC_ARC = YES;
				CLANG_WARN_BOOL_CONVERSION = YES;
				CLANG_WARN_CONSTANT_CONVERSION = YES;
				CLANG_WARN_DIRECT_OBJC_ISA_USAGE = YES_ERROR;
				CLANG_WARN_DOCUMENTATION_COMMENTS = YES;
				CLANG_WARN_EMPTY_BODY = YES;
				CLANG_WARN_ENUM_CONVERSION = YES;
				CLANG_WARN_INFINITE_RECURSION = YES;
				CLANG_WARN_INT_CONVERSION = YES;
				CLANG_WARN_OBJC_ROOT_CLASS = YES_ERROR;
				CLANG_WARN_SUSPICIOUS_MOVE = YES;
				CLANG_WARN_UNREACHABLE_CODE = YES;
				CLANG_WARN__DUPLICATE_METHOD_MATCH = YES;
				"CODE_SIGN_IDENTITY[sdk=iphoneos*]" = "iPhone Developer";
				COPY_PHASE_STRIP = NO;
				DEBUG_INFORMATION_FORMAT = dwarf;
				ENABLE_STRICT_OBJC_MSGSEND = YES;
				ENABLE_TESTABILITY = YES;
				GCC_C_LANGUAGE_STANDARD = gnu99;
				GCC_DYNAMIC_NO_PIC = NO;
				GCC_NO_COMMON_BLOCKS = YES;
				GCC_OPTIMIZATION_LEVEL = 0;
				GCC_PREPROCESSOR_DEFINITIONS = (
					"DEBUG=1",
					"$(inherited)",
				);
				GCC_WARN_64_TO_32_BIT_CONVERSION = YES;
				GCC_WARN_ABOUT_RETURN_TYPE = YES_ERROR;
				GCC_WARN_UNDECLARED_SELECTOR = YES;
				GCC_WARN_UNINITIALIZED_AUTOS = YES_AGGRESSIVE;
				GCC_WARN_UNUSED_FUNCTION = YES;
				GCC_WARN_UNUSED_VARIABLE = YES;
				IPHONEOS_DEPLOYMENT_TARGET = 10.2;
				MTL_ENABLE_DEBUG_INFO = YES;
				ONLY_ACTIVE_ARCH = YES;
				SDKROOT = iphoneos;
				SWIFT_ACTIVE_COMPILATION_CONDITIONS = DEBUG;
				SWIFT_OPTIMIZATION_LEVEL = "-Onone";
				TARGETED_DEVICE_FAMILY = "1,2";
			};
			name = Debug;
		};
		2F952E101E68B02500200E4D /* Release */ = {
			isa = XCBuildConfiguration;
			buildSettings = {
				ALWAYS_SEARCH_USER_PATHS = NO;
				CLANG_ANALYZER_NONNULL = YES;
				CLANG_CXX_LANGUAGE_STANDARD = "gnu++0x";
				CLANG_CXX_LIBRARY = "libc++";
				CLANG_ENABLE_MODULES = YES;
				CLANG_ENABLE_OBJC_ARC = YES;
				CLANG_WARN_BOOL_CONVERSION = YES;
				CLANG_WARN_CONSTANT_CONVERSION = YES;
				CLANG_WARN_DIRECT_OBJC_ISA_USAGE = YES_ERROR;
				CLANG_WARN_DOCUMENTATION_COMMENTS = YES;
				CLANG_WARN_EMPTY_BODY = YES;
				CLANG_WARN_ENUM_CONVERSION = YES;
				CLANG_WARN_INFINITE_RECURSION = YES;
				CLANG_WARN_INT_CONVERSION = YES;
				CLANG_WARN_OBJC_ROOT_CLASS = YES_ERROR;
				CLANG_WARN_SUSPICIOUS_MOVE = YES;
				CLANG_WARN_UNREACHABLE_CODE = YES;
				CLANG_WARN__DUPLICATE_METHOD_MATCH = YES;
				"CODE_SIGN_IDENTITY[sdk=iphoneos*]" = "iPhone Developer";
				COPY_PHASE_STRIP = NO;
				DEBUG_INFORMATION_FORMAT = "dwarf-with-dsym";
				ENABLE_NS_ASSERTIONS = NO;
				ENABLE_STRICT_OBJC_MSGSEND = YES;
				GCC_C_LANGUAGE_STANDARD = gnu99;
				GCC_NO_COMMON_BLOCKS = YES;
				GCC_WARN_64_TO_32_BIT_CONVERSION = YES;
				GCC_WARN_ABOUT_RETURN_TYPE = YES_ERROR;
				GCC_WARN_UNDECLARED_SELECTOR = YES;
				GCC_WARN_UNINITIALIZED_AUTOS = YES_AGGRESSIVE;
				GCC_WARN_UNUSED_FUNCTION = YES;
				GCC_WARN_UNUSED_VARIABLE = YES;
				IPHONEOS_DEPLOYMENT_TARGET = 10.2;
				MTL_ENABLE_DEBUG_INFO = NO;
				SDKROOT = iphoneos;
				SWIFT_OPTIMIZATION_LEVEL = "-Owholemodule";
				TARGETED_DEVICE_FAMILY = "1,2";
				VALIDATE_PRODUCT = YES;
			};
			name = Release;
		};
		2F952E121E68B02500200E4D /* Debug */ = {
			isa = XCBuildConfiguration;
			buildSettings = {
				ASSETCATALOG_COMPILER_APPICON_NAME = AppIcon;
				"CODE_SIGN_IDENTITY[sdk=iphoneos*]" = "iPhone Developer";
				DEVELOPMENT_TEAM = TW6F3L8R9R;
				FRAMEWORK_SEARCH_PATHS = (
					"$(inherited)",
					"$(PROJECT_DIR)",
				);
				INFOPLIST_FILE = SwapNShop/Info.plist;
				IPHONEOS_DEPLOYMENT_TARGET = 10.2;
				LD_RUNPATH_SEARCH_PATHS = "$(inherited) @executable_path/Frameworks";
				PRODUCT_BUNDLE_IDENTIFIER = "sangarajusunil93-gmail.com";
				PRODUCT_NAME = "$(TARGET_NAME)";
				PROVISIONING_PROFILE_SPECIFIER = "";
				SWIFT_VERSION = 3.0;
			};
			name = Debug;
		};
		2F952E131E68B02500200E4D /* Release */ = {
			isa = XCBuildConfiguration;
			buildSettings = {
				ASSETCATALOG_COMPILER_APPICON_NAME = AppIcon;
				"CODE_SIGN_IDENTITY[sdk=iphoneos*]" = "iPhone Developer";
				DEVELOPMENT_TEAM = TW6F3L8R9R;
				FRAMEWORK_SEARCH_PATHS = (
					"$(inherited)",
					"$(PROJECT_DIR)",
				);
				INFOPLIST_FILE = SwapNShop/Info.plist;
				IPHONEOS_DEPLOYMENT_TARGET = 10.2;
				LD_RUNPATH_SEARCH_PATHS = "$(inherited) @executable_path/Frameworks";
				PRODUCT_BUNDLE_IDENTIFIER = "sangarajusunil93-gmail.com";
				PRODUCT_NAME = "$(TARGET_NAME)";
				PROVISIONING_PROFILE_SPECIFIER = "";
				SWIFT_VERSION = 3.0;
			};
			name = Release;
		};
		2F952E151E68B02500200E4D /* Debug */ = {
			isa = XCBuildConfiguration;
			buildSettings = {
				ALWAYS_EMBED_SWIFT_STANDARD_LIBRARIES = YES;
				BUNDLE_LOADER = "$(TEST_HOST)";
				INFOPLIST_FILE = SwapNShopTests/Info.plist;
				LD_RUNPATH_SEARCH_PATHS = "$(inherited) @executable_path/Frameworks @loader_path/Frameworks";
				PRODUCT_BUNDLE_IDENTIFIER = edu.nwmissouri.SwapNShopTests;
				PRODUCT_NAME = "$(TARGET_NAME)";
				SWIFT_VERSION = 3.0;
				TEST_HOST = "$(BUILT_PRODUCTS_DIR)/SwapNShop.app/SwapNShop";
			};
			name = Debug;
		};
		2F952E161E68B02500200E4D /* Release */ = {
			isa = XCBuildConfiguration;
			buildSettings = {
				ALWAYS_EMBED_SWIFT_STANDARD_LIBRARIES = YES;
				BUNDLE_LOADER = "$(TEST_HOST)";
				INFOPLIST_FILE = SwapNShopTests/Info.plist;
				LD_RUNPATH_SEARCH_PATHS = "$(inherited) @executable_path/Frameworks @loader_path/Frameworks";
				PRODUCT_BUNDLE_IDENTIFIER = edu.nwmissouri.SwapNShopTests;
				PRODUCT_NAME = "$(TARGET_NAME)";
				SWIFT_VERSION = 3.0;
				TEST_HOST = "$(BUILT_PRODUCTS_DIR)/SwapNShop.app/SwapNShop";
			};
			name = Release;
		};
		2F952E181E68B02500200E4D /* Debug */ = {
			isa = XCBuildConfiguration;
			buildSettings = {
				ALWAYS_EMBED_SWIFT_STANDARD_LIBRARIES = YES;
				INFOPLIST_FILE = SwapNShopUITests/Info.plist;
				LD_RUNPATH_SEARCH_PATHS = "$(inherited) @executable_path/Frameworks @loader_path/Frameworks";
				PRODUCT_BUNDLE_IDENTIFIER = edu.nwmissouri.SwapNShopUITests;
				PRODUCT_NAME = "$(TARGET_NAME)";
				SWIFT_VERSION = 3.0;
				TEST_TARGET_NAME = SwapNShop;
			};
			name = Debug;
		};
		2F952E191E68B02500200E4D /* Release */ = {
			isa = XCBuildConfiguration;
			buildSettings = {
				ALWAYS_EMBED_SWIFT_STANDARD_LIBRARIES = YES;
				INFOPLIST_FILE = SwapNShopUITests/Info.plist;
				LD_RUNPATH_SEARCH_PATHS = "$(inherited) @executable_path/Frameworks @loader_path/Frameworks";
				PRODUCT_BUNDLE_IDENTIFIER = edu.nwmissouri.SwapNShopUITests;
				PRODUCT_NAME = "$(TARGET_NAME)";
				SWIFT_VERSION = 3.0;
				TEST_TARGET_NAME = SwapNShop;
			};
			name = Release;
		};
/* End XCBuildConfiguration section */

/* Begin XCConfigurationList section */
		2F952DE21E68B02500200E4D /* Build configuration list for PBXProject "SwapNShop" */ = {
			isa = XCConfigurationList;
			buildConfigurations = (
				2F952E0F1E68B02500200E4D /* Debug */,
				2F952E101E68B02500200E4D /* Release */,
			);
			defaultConfigurationIsVisible = 0;
			defaultConfigurationName = Release;
		};
		2F952E111E68B02500200E4D /* Build configuration list for PBXNativeTarget "SwapNShop" */ = {
			isa = XCConfigurationList;
			buildConfigurations = (
				2F952E121E68B02500200E4D /* Debug */,
				2F952E131E68B02500200E4D /* Release */,
			);
			defaultConfigurationIsVisible = 0;
			defaultConfigurationName = Release;
		};
		2F952E141E68B02500200E4D /* Build configuration list for PBXNativeTarget "SwapNShopTests" */ = {
			isa = XCConfigurationList;
			buildConfigurations = (
				2F952E151E68B02500200E4D /* Debug */,
				2F952E161E68B02500200E4D /* Release */,
			);
			defaultConfigurationIsVisible = 0;
			defaultConfigurationName = Release;
		};
		2F952E171E68B02500200E4D /* Build configuration list for PBXNativeTarget "SwapNShopUITests" */ = {
			isa = XCConfigurationList;
			buildConfigurations = (
				2F952E181E68B02500200E4D /* Debug */,
				2F952E191E68B02500200E4D /* Release */,
			);
			defaultConfigurationIsVisible = 0;
			defaultConfigurationName = Release;
		};
/* End XCConfigurationList section */
	};
	rootObject = 2F952DDF1E68B02500200E4D /* Project object */;
}
